
Microsoft Visual Studio Solution File, Format Version 12.00
# Visual Studio 15
VisualStudioVersion = 15.0.28307.329
MinimumVisualStudioVersion = 10.0.40219.1
Project("{2150E333-8FDC-42A3-9474-1A3956D46DE8}") = "SolutionFolder", "SolutionFolder", "{E717A642-CF08-484D-BD2F-9CD81F1D5B1F}"
	ProjectSection(SolutionItems) = preProject
		..\icon64.pdn = ..\icon64.pdn
		..\icon64.png = ..\icon64.png
		..\README.md = ..\README.md
		..\ReleaseNotes.md = ..\ReleaseNotes.md
	EndProjectSection
EndProject
Project("{FAE04EC0-301F-11D3-BF4B-00C04F79EFBC}") = "StonehengeChromelySample", "StonehengeChromelySample.csproj", "{8BA319B4-C48A-4091-AB8E-1084B11713DF}"
EndProject
Global
	GlobalSection(SolutionConfigurationPlatforms) = preSolution
		Debug|Any CPU = Debug|Any CPU
		Release|Any CPU = Release|Any CPU
	EndGlobalSection
	GlobalSection(ProjectConfigurationPlatforms) = postSolution
		{192FBA19-849A-4DB8-8A8A-3DA52B973353}.Debug|Any CPU.ActiveCfg = Debug|Any CPU
		{192FBA19-849A-4DB8-8A8A-3DA52B973353}.Debug|Any CPU.Build.0 = Debug|Any CPU
		{192FBA19-849A-4DB8-8A8A-3DA52B973353}.Release|Any CPU.ActiveCfg = Release|Any CPU
		{192FBA19-849A-4DB8-8A8A-3DA52B973353}.Release|Any CPU.Build.0 = Release|Any CPU
		{8BA319B4-C48A-4091-AB8E-1084B11713DF}.Debug|Any CPU.ActiveCfg = Debug|Any CPU
		{8BA319B4-C48A-4091-AB8E-1084B11713DF}.Debug|Any CPU.Build.0 = Debug|Any CPU
		{8BA319B4-C48A-4091-AB8E-1084B11713DF}.Release|Any CPU.ActiveCfg = Release|Any CPU
		{8BA319B4-C48A-4091-AB8E-1084B11713DF}.Release|Any CPU.Build.0 = Release|Any CPU
	EndGlobalSection
	GlobalSection(SolutionProperties) = preSolution
		HideSolutionNode = FALSE
	EndGlobalSection
	GlobalSection(ExtensibilityGlobals) = postSolution
		SolutionGuid = {6ACCA5E7-8ECC-414B-8215-C43C02DE9E1D}
	EndGlobalSection
EndGlobal

